schema: '2.0'
stages:
  feature_engineering:
    cmd: python src/features/feature_engineering.py
    deps:
    - path: data/raw/lending_data.csv
      hash: md5
      md5: 99e05298a7ba7cfce4ab52d0e2319136
      size: 4165635
    - path: src/features/feature_engineering.py
      hash: md5
      md5: d3b75effc0b78f8b8e6690c1cff962a1
      size: 5887
    outs:
    - path: data/processed/test.csv
      hash: md5
      md5: d16f7debd54fb725a04d0aa5b9be14a7
      size: 475162
    - path: data/processed/train.csv
      hash: md5
      md5: de0d833d716bdbd7b104dd360c87ac78
      size: 5039700
