schema: '2.0'
stages:
  feature_engineering:
    cmd: python -m src.features.feature_engineering
    deps:
    - path: data/raw/lending_data.csv
      hash: md5
      md5: 99e05298a7ba7cfce4ab52d0e2319136
      size: 4165635
    - path: src/features/feature_engineering.py
      hash: md5
      md5: 95a83f160a40dcf2225cb4a54f2ad315
      size: 5889
    outs:
    - path: artifacts/scaler.pkl
      hash: md5
      md5: fbf335acdabcf4ba59dde343978e40b9
      size: 999
    - path: data/processed/test.csv
      hash: md5
      md5: d16f7debd54fb725a04d0aa5b9be14a7
      size: 475162
    - path: data/processed/train.csv
      hash: md5
      md5: de0d833d716bdbd7b104dd360c87ac78
      size: 5039700
  train:
    cmd: python -m src.models.train
    deps:
    - path: data/processed/train.csv
      hash: md5
      md5: de0d833d716bdbd7b104dd360c87ac78
      size: 5039700
    - path: src/models/baseline.py
      hash: md5
      md5: 95353c2078675cf094cfa445e67a7e3d
      size: 1886
    - path: src/models/train.py
      hash: md5
      md5: 5fa0c116e34db7b417a5b79b922b01b5
      size: 5919
    outs:
    - path: models/mlp_model.pt
      hash: md5
      md5: 130ff7afe88928121b0c8aa825141c29
      size: 12845
  evaluate_mlp:
    cmd: python -m src.models.evaluate_mlp
    deps:
    - path: artifacts/scaler.pkl
      hash: md5
      md5: fbf335acdabcf4ba59dde343978e40b9
      size: 999
    - path: data/processed/test.csv
      hash: md5
      md5: d16f7debd54fb725a04d0aa5b9be14a7
      size: 475162
    - path: models/mlp_model.pt
      hash: md5
      md5: 130ff7afe88928121b0c8aa825141c29
      size: 12845
    - path: src/models/baseline.py
      hash: md5
      md5: 95353c2078675cf094cfa445e67a7e3d
      size: 1886
    - path: src/models/evaluate_mlp.py
      hash: md5
      md5: 6aad8794ac9e160a6be0b8b171a0e01a
      size: 4190
    outs:
    - path: artifacts/classification_report_mlp.txt
      hash: md5
      md5: 6bd325e3f2d86ec97ac81c422d377afb
      size: 334
